// !$*UTF8*$!
{
	archiveVersion = 1;
	classes = {
	};
	objectVersion = 50;
	objects = {

/* Begin PBXBuildFile section */
		715213AF214C8D0B0007A51E /* AppDelegate.swift in Sources */ = {isa = PBXBuildFile; fileRef = 715213AE214C8D0B0007A51E /* AppDelegate.swift */; };
		715213B1214C8D0B0007A51E /* EditFieldsViewController.swift in Sources */ = {isa = PBXBuildFile; fileRef = 715213B0214C8D0B0007A51E /* EditFieldsViewController.swift */; };
		715213B6214C8D0D0007A51E /* Assets.xcassets in Resources */ = {isa = PBXBuildFile; fileRef = 715213B5214C8D0D0007A51E /* Assets.xcassets */; };
		715213B9214C8D0D0007A51E /* LaunchScreen.storyboard in Resources */ = {isa = PBXBuildFile; fileRef = 715213B7214C8D0D0007A51E /* LaunchScreen.storyboard */; };
		715213D0214C8DF90007A51E /* EditFieldsPresenter.swift in Sources */ = {isa = PBXBuildFile; fileRef = 715213CF214C8DF90007A51E /* EditFieldsPresenter.swift */; };
		715213D2214C8E280007A51E /* EditFieldsModel.swift in Sources */ = {isa = PBXBuildFile; fileRef = 715213D1214C8E280007A51E /* EditFieldsModel.swift */; };
		715213D5214D665E0007A51E /* EditFieldsUnitTests.swift in Sources */ = {isa = PBXBuildFile; fileRef = 715213C3214C8D0D0007A51E /* EditFieldsUnitTests.swift */; };
		715213D7214D705E0007A51E /* EditFieldsRouter.swift in Sources */ = {isa = PBXBuildFile; fileRef = 715213D6214D705E0007A51E /* EditFieldsRouter.swift */; };
		715213DA214D7E0A0007A51E /* UILabel.swift in Sources */ = {isa = PBXBuildFile; fileRef = 715213D9214D7E0A0007A51E /* UILabel.swift */; };
		715213DC214D7F240007A51E /* UITextField.swift in Sources */ = {isa = PBXBuildFile; fileRef = 715213DB214D7F240007A51E /* UITextField.swift */; };
		715213DE214D826C0007A51E /* UIButton.swift in Sources */ = {isa = PBXBuildFile; fileRef = 715213DD214D826C0007A51E /* UIButton.swift */; };
		715213E0214D857D0007A51E /* UIView.swift in Sources */ = {isa = PBXBuildFile; fileRef = 715213DF214D857D0007A51E /* UIView.swift */; };
/* End PBXBuildFile section */

/* Begin PBXContainerItemProxy section */
		715213C0214C8D0D0007A51E /* PBXContainerItemProxy */ = {
			isa = PBXContainerItemProxy;
			containerPortal = 715213A3214C8D0B0007A51E /* Project object */;
			proxyType = 1;
			remoteGlobalIDString = 715213AA214C8D0B0007A51E;
			remoteInfo = UnitTestsBasicMVP;
		};
/* End PBXContainerItemProxy section */

/* Begin PBXFileReference section */
		715213AB214C8D0B0007A51E /* UnitTestsBasicMVP.app */ = {isa = PBXFileReference; explicitFileType = wrapper.application; includeInIndex = 0; path = UnitTestsBasicMVP.app; sourceTree = BUILT_PRODUCTS_DIR; };
		715213AE214C8D0B0007A51E /* AppDelegate.swift */ = {isa = PBXFileReference; lastKnownFileType = sourcecode.swift; path = AppDelegate.swift; sourceTree = "<group>"; };
		715213B0214C8D0B0007A51E /* EditFieldsViewController.swift */ = {isa = PBXFileReference; lastKnownFileType = sourcecode.swift; path = EditFieldsViewController.swift; sourceTree = "<group>"; };
		715213B5214C8D0D0007A51E /* Assets.xcassets */ = {isa = PBXFileReference; lastKnownFileType = folder.assetcatalog; path = Assets.xcassets; sourceTree = "<group>"; };
		715213B8214C8D0D0007A51E /* Base */ = {isa = PBXFileReference; lastKnownFileType = file.storyboard; name = Base; path = Base.lproj/LaunchScreen.storyboard; sourceTree = "<group>"; };
		715213BA214C8D0D0007A51E /* Info.plist */ = {isa = PBXFileReference; lastKnownFileType = text.plist.xml; path = Info.plist; sourceTree = "<group>"; };
		715213BF214C8D0D0007A51E /* UnitTestsBasicMVPTests.xctest */ = {isa = PBXFileReference; explicitFileType = wrapper.cfbundle; includeInIndex = 0; path = UnitTestsBasicMVPTests.xctest; sourceTree = BUILT_PRODUCTS_DIR; };
		715213C3214C8D0D0007A51E /* EditFieldsUnitTests.swift */ = {isa = PBXFileReference; lastKnownFileType = sourcecode.swift; path = EditFieldsUnitTests.swift; sourceTree = "<group>"; };
		715213C5214C8D0D0007A51E /* Info.plist */ = {isa = PBXFileReference; lastKnownFileType = text.plist.xml; path = Info.plist; sourceTree = "<group>"; };
		715213CF214C8DF90007A51E /* EditFieldsPresenter.swift */ = {isa = PBXFileReference; lastKnownFileType = sourcecode.swift; path = EditFieldsPresenter.swift; sourceTree = "<group>"; };
		715213D1214C8E280007A51E /* EditFieldsModel.swift */ = {isa = PBXFileReference; lastKnownFileType = sourcecode.swift; path = EditFieldsModel.swift; sourceTree = "<group>"; };
		715213D6214D705E0007A51E /* EditFieldsRouter.swift */ = {isa = PBXFileReference; lastKnownFileType = sourcecode.swift; path = EditFieldsRouter.swift; sourceTree = "<group>"; };
		715213D9214D7E0A0007A51E /* UILabel.swift */ = {isa = PBXFileReference; lastKnownFileType = sourcecode.swift; path = UILabel.swift; sourceTree = "<group>"; };
		715213DB214D7F240007A51E /* UITextField.swift */ = {isa = PBXFileReference; lastKnownFileType = sourcecode.swift; path = UITextField.swift; sourceTree = "<group>"; };
		715213DD214D826C0007A51E /* UIButton.swift */ = {isa = PBXFileReference; lastKnownFileType = sourcecode.swift; path = UIButton.swift; sourceTree = "<group>"; };
		715213DF214D857D0007A51E /* UIView.swift */ = {isa = PBXFileReference; lastKnownFileType = sourcecode.swift; path = UIView.swift; sourceTree = "<group>"; };
/* End PBXFileReference section */

/* Begin PBXFrameworksBuildPhase section */
		715213A8214C8D0B0007A51E /* Frameworks */ = {
			isa = PBXFrameworksBuildPhase;
			buildActionMask = 2147483647;
			files = (
			);
			runOnlyForDeploymentPostprocessing = 0;
		};
		715213BC214C8D0D0007A51E /* Frameworks */ = {
			isa = PBXFrameworksBuildPhase;
			buildActionMask = 2147483647;
			files = (
			);
			runOnlyForDeploymentPostprocessing = 0;
		};
/* End PBXFrameworksBuildPhase section */

/* Begin PBXGroup section */
		715213A2214C8D0B0007A51E = {
			isa = PBXGroup;
			children = (
				715213AD214C8D0B0007A51E /* UnitTestsBasicMVP */,
				715213C2214C8D0D0007A51E /* UnitTestsBasicMVPTests */,
				715213AC214C8D0B0007A51E /* Products */,
			);
			sourceTree = "<group>";
		};
		715213AC214C8D0B0007A51E /* Products */ = {
			isa = PBXGroup;
			children = (
				715213AB214C8D0B0007A51E /* UnitTestsBasicMVP.app */,
				715213BF214C8D0D0007A51E /* UnitTestsBasicMVPTests.xctest */,
			);
			name = Products;
			sourceTree = "<group>";
		};
		715213AD214C8D0B0007A51E /* UnitTestsBasicMVP */ = {
			isa = PBXGroup;
			children = (
				715213D8214D7E000007A51E /* ReusableComponents */,
				715213D3214D66150007A51E /* Application */,
				715213CE214C8DA10007A51E /* EditProfile */,
			);
			path = UnitTestsBasicMVP;
			sourceTree = "<group>";
		};
		715213C2214C8D0D0007A51E /* UnitTestsBasicMVPTests */ = {
			isa = PBXGroup;
			children = (
				715213C5214C8D0D0007A51E /* Info.plist */,
			);
			path = UnitTestsBasicMVPTests;
			sourceTree = "<group>";
		};
		715213CE214C8DA10007A51E /* EditProfile */ = {
			isa = PBXGroup;
			children = (
				715213D1214C8E280007A51E /* EditFieldsModel.swift */,
				715213B0214C8D0B0007A51E /* EditFieldsViewController.swift */,
				715213CF214C8DF90007A51E /* EditFieldsPresenter.swift */,
				715213D6214D705E0007A51E /* EditFieldsRouter.swift */,
				715213C3214C8D0D0007A51E /* EditFieldsUnitTests.swift */,
			);
			name = EditProfile;
			sourceTree = "<group>";
		};
		715213D3214D66150007A51E /* Application */ = {
			isa = PBXGroup;
			children = (
				715213BA214C8D0D0007A51E /* Info.plist */,
				715213B7214C8D0D0007A51E /* LaunchScreen.storyboard */,
				715213B5214C8D0D0007A51E /* Assets.xcassets */,
				715213AE214C8D0B0007A51E /* AppDelegate.swift */,
			);
			path = Application;
			sourceTree = "<group>";
		};
		715213D8214D7E000007A51E /* ReusableComponents */ = {
			isa = PBXGroup;
			children = (
				715213D9214D7E0A0007A51E /* UILabel.swift */,
				715213DB214D7F240007A51E /* UITextField.swift */,
				715213DD214D826C0007A51E /* UIButton.swift */,
				715213DF214D857D0007A51E /* UIView.swift */,
			);
			path = ReusableComponents;
			sourceTree = "<group>";
		};
/* End PBXGroup section */

/* Begin PBXNativeTarget section */
		715213AA214C8D0B0007A51E /* UnitTestsBasicMVP */ = {
			isa = PBXNativeTarget;
			buildConfigurationList = 715213C8214C8D0D0007A51E /* Build configuration list for PBXNativeTarget "UnitTestsBasicMVP" */;
			buildPhases = (
				715213A7214C8D0B0007A51E /* Sources */,
				715213A8214C8D0B0007A51E /* Frameworks */,
				715213A9214C8D0B0007A51E /* Resources */,
			);
			buildRules = (
			);
			dependencies = (
			);
			name = UnitTestsBasicMVP;
			productName = UnitTestsBasicMVP;
			productReference = 715213AB214C8D0B0007A51E /* UnitTestsBasicMVP.app */;
			productType = "com.apple.product-type.application";
		};
		715213BE214C8D0D0007A51E /* UnitTestsBasicMVPTests */ = {
			isa = PBXNativeTarget;
			buildConfigurationList = 715213CB214C8D0D0007A51E /* Build configuration list for PBXNativeTarget "UnitTestsBasicMVPTests" */;
			buildPhases = (
				715213BB214C8D0D0007A51E /* Sources */,
				715213BC214C8D0D0007A51E /* Frameworks */,
				715213BD214C8D0D0007A51E /* Resources */,
			);
			buildRules = (
			);
			dependencies = (
				715213C1214C8D0D0007A51E /* PBXTargetDependency */,
			);
			name = UnitTestsBasicMVPTests;
			productName = UnitTestsBasicMVPTests;
			productReference = 715213BF214C8D0D0007A51E /* UnitTestsBasicMVPTests.xctest */;
			productType = "com.apple.product-type.bundle.unit-test";
		};
/* End PBXNativeTarget section */

/* Begin PBXProject section */
		715213A3214C8D0B0007A51E /* Project object */ = {
			isa = PBXProject;
			attributes = {
				LastSwiftUpdateCheck = 0940;
				LastUpgradeCheck = 0940;
				ORGANIZATIONNAME = "Victor Magalhaes";
				TargetAttributes = {
					715213AA214C8D0B0007A51E = {
						CreatedOnToolsVersion = 9.4.1;
					};
					715213BE214C8D0D0007A51E = {
						CreatedOnToolsVersion = 9.4.1;
						TestTargetID = 715213AA214C8D0B0007A51E;
					};
				};
			};
			buildConfigurationList = 715213A6214C8D0B0007A51E /* Build configuration list for PBXProject "UnitTestsBasicMVP" */;
			compatibilityVersion = "Xcode 9.3";
			developmentRegion = en;
			hasScannedForEncodings = 0;
			knownRegions = (
				en,
				Base,
			);
			mainGroup = 715213A2214C8D0B0007A51E;
			productRefGroup = 715213AC214C8D0B0007A51E /* Products */;
			projectDirPath = "";
			projectRoot = "";
			targets = (
				715213AA214C8D0B0007A51E /* UnitTestsBasicMVP */,
				715213BE214C8D0D0007A51E /* UnitTestsBasicMVPTests */,
			);
		};
/* End PBXProject section */

/* Begin PBXResourcesBuildPhase section */
		715213A9214C8D0B0007A51E /* Resources */ = {
			isa = PBXResourcesBuildPhase;
			buildActionMask = 2147483647;
			files = (
				715213B9214C8D0D0007A51E /* LaunchScreen.storyboard in Resources */,
				715213B6214C8D0D0007A51E /* Assets.xcassets in Resources */,
			);
			runOnlyForDeploymentPostprocessing = 0;
		};
		715213BD214C8D0D0007A51E /* Resources */ = {
			isa = PBXResourcesBuildPhase;
			buildActionMask = 2147483647;
			files = (
			);
			runOnlyForDeploymentPostprocessing = 0;
		};
/* End PBXResourcesBuildPhase section */

/* Begin PBXSourcesBuildPhase section */
		715213A7214C8D0B0007A51E /* Sources */ = {
			isa = PBXSourcesBuildPhase;
			buildActionMask = 2147483647;
			files = (
				715213B1214C8D0B0007A51E /* EditFieldsViewController.swift in Sources */,
				715213D2214C8E280007A51E /* EditFieldsModel.swift in Sources */,
				715213DC214D7F240007A51E /* UITextField.swift in Sources */,
				715213DE214D826C0007A51E /* UIButton.swift in Sources */,
				715213D7214D705E0007A51E /* EditFieldsRouter.swift in Sources */,
				715213AF214C8D0B0007A51E /* AppDelegate.swift in Sources */,
				715213DA214D7E0A0007A51E /* UILabel.swift in Sources */,
				715213E0214D857D0007A51E /* UIView.swift in Sources */,
				715213D0214C8DF90007A51E /* EditFieldsPresenter.swift in Sources */,
			);
			runOnlyForDeploymentPostprocessing = 0;
		};
		715213BB214C8D0D0007A51E /* Sources */ = {
			isa = PBXSourcesBuildPhase;
			buildActionMask = 2147483647;
			files = (
				715213D5214D665E0007A51E /* EditFieldsUnitTests.swift in Sources */,
			);
			runOnlyForDeploymentPostprocessing = 0;
		};
/* End PBXSourcesBuildPhase section */

/* Begin PBXTargetDependency section */
		715213C1214C8D0D0007A51E /* PBXTargetDependency */ = {
			isa = PBXTargetDependency;
			target = 715213AA214C8D0B0007A51E /* UnitTestsBasicMVP */;
			targetProxy = 715213C0214C8D0D0007A51E /* PBXContainerItemProxy */;
		};
/* End PBXTargetDependency section */

/* Begin PBXVariantGroup section */
		715213B7214C8D0D0007A51E /* LaunchScreen.storyboard */ = {
			isa = PBXVariantGroup;
			children = (
				715213B8214C8D0D0007A51E /* Base */,
			);
			name = LaunchScreen.storyboard;
			sourceTree = "<group>";
		};
/* End PBXVariantGroup section */

/* Begin XCBuildConfiguration section */
		715213C6214C8D0D0007A51E /* Debug */ = {
			isa = XCBuildConfiguration;
			buildSettings = {
				ALWAYS_SEARCH_USER_PATHS = NO;
				CLANG_ANALYZER_NONNULL = YES;
				CLANG_ANALYZER_NUMBER_OBJECT_CONVERSION = YES_AGGRESSIVE;
				CLANG_CXX_LANGUAGE_STANDARD = "gnu++14";
				CLANG_CXX_LIBRARY = "libc++";
				CLANG_ENABLE_MODULES = YES;
				CLANG_ENABLE_OBJC_ARC = YES;
				CLANG_ENABLE_OBJC_WEAK = YES;
				CLANG_WARN_BLOCK_CAPTURE_AUTORELEASING = YES;
				CLANG_WARN_BOOL_CONVERSION = YES;
				CLANG_WARN_COMMA = YES;
				CLANG_WARN_CONSTANT_CONVERSION = YES;
				CLANG_WARN_DEPRECATED_OBJC_IMPLEMENTATIONS = YES;
				CLANG_WARN_DIRECT_OBJC_ISA_USAGE = YES_ERROR;
				CLANG_WARN_DOCUMENTATION_COMMENTS = YES;
				CLANG_WARN_EMPTY_BODY = YES;
				CLANG_WARN_ENUM_CONVERSION = YES;
				CLANG_WARN_INFINITE_RECURSION = YES;
				CLANG_WARN_INT_CONVERSION = YES;
				CLANG_WARN_NON_LITERAL_NULL_CONVERSION = YES;
				CLANG_WARN_OBJC_IMPLICIT_RETAIN_SELF = YES;
				CLANG_WARN_OBJC_LITERAL_CONVERSION = YES;
				CLANG_WARN_OBJC_ROOT_CLASS = YES_ERROR;
				CLANG_WARN_RANGE_LOOP_ANALYSIS = YES;
				CLANG_WARN_STRICT_PROTOTYPES = YES;
				CLANG_WARN_SUSPICIOUS_MOVE = YES;
				CLANG_WARN_UNGUARDED_AVAILABILITY = YES_AGGRESSIVE;
				CLANG_WARN_UNREACHABLE_CODE = YES;
				CLANG_WARN__DUPLICATE_METHOD_MATCH = YES;
				CODE_SIGN_IDENTITY = "iPhone Developer";
				COPY_PHASE_STRIP = NO;
				DEBUG_INFORMATION_FORMAT = dwarf;
				ENABLE_STRICT_OBJC_MSGSEND = YES;
				ENABLE_TESTABILITY = YES;
				GCC_C_LANGUAGE_STANDARD = gnu11;
				GCC_DYNAMIC_NO_PIC = NO;
				GCC_NO_COMMON_BLOCKS = YES;
				GCC_OPTIMIZATION_LEVEL = 0;
				GCC_PREPROCESSOR_DEFINITIONS = (
					"DEBUG=1",
					"$(inherited)",
				);
				GCC_WARN_64_TO_32_BIT_CONVERSION = YES;
				GCC_WARN_ABOUT_RETURN_TYPE = YES_ERROR;
				GCC_WARN_UNDECLARED_SELECTOR = YES;
				GCC_WARN_UNINITIALIZED_AUTOS = YES_AGGRESSIVE;
				GCC_WARN_UNUSED_FUNCTION = YES;
				GCC_WARN_UNUSED_VARIABLE = YES;
				IPHONEOS_DEPLOYMENT_TARGET = 11.4;
				MTL_ENABLE_DEBUG_INFO = YES;
				ONLY_ACTIVE_ARCH = YES;
				SDKROOT = iphoneos;
				SWIFT_ACTIVE_COMPILATION_CONDITIONS = DEBUG;
				SWIFT_OPTIMIZATION_LEVEL = "-Onone";
			};
			name = Debug;
		};
		715213C7214C8D0D0007A51E /* Release */ = {
			isa = XCBuildConfiguration;
			buildSettings = {
				ALWAYS_SEARCH_USER_PATHS = NO;
				CLANG_ANALYZER_NONNULL = YES;
				CLANG_ANALYZER_NUMBER_OBJECT_CONVERSION = YES_AGGRESSIVE;
				CLANG_CXX_LANGUAGE_STANDARD = "gnu++14";
				CLANG_CXX_LIBRARY = "libc++";
				CLANG_ENABLE_MODULES = YES;
				CLANG_ENABLE_OBJC_ARC = YES;
				CLANG_ENABLE_OBJC_WEAK = YES;
				CLANG_WARN_BLOCK_CAPTURE_AUTORELEASING = YES;
				CLANG_WARN_BOOL_CONVERSION = YES;
				CLANG_WARN_COMMA = YES;
				CLANG_WARN_CONSTANT_CONVERSION = YES;
				CLANG_WARN_DEPRECATED_OBJC_IMPLEMENTATIONS = YES;
				CLANG_WARN_DIRECT_OBJC_ISA_USAGE = YES_ERROR;
				CLANG_WARN_DOCUMENTATION_COMMENTS = YES;
				CLANG_WARN_EMPTY_BODY = YES;
				CLANG_WARN_ENUM_CONVERSION = YES;
				CLANG_WARN_INFINITE_RECURSION = YES;
				CLANG_WARN_INT_CONVERSION = YES;
				CLANG_WARN_NON_LITERAL_NULL_CONVERSION = YES;
				CLANG_WARN_OBJC_IMPLICIT_RETAIN_SELF = YES;
				CLANG_WARN_OBJC_LITERAL_CONVERSION = YES;
				CLANG_WARN_OBJC_ROOT_CLASS = YES_ERROR;
				CLANG_WARN_RANGE_LOOP_ANALYSIS = YES;
				CLANG_WARN_STRICT_PROTOTYPES = YES;
				CLANG_WARN_SUSPICIOUS_MOVE = YES;
				CLANG_WARN_UNGUARDED_AVAILABILITY = YES_AGGRESSIVE;
				CLANG_WARN_UNREACHABLE_CODE = YES;
				CLANG_WARN__DUPLICATE_METHOD_MATCH = YES;
				CODE_SIGN_IDENTITY = "iPhone Developer";
				COPY_PHASE_STRIP = NO;
				DEBUG_INFORMATION_FORMAT = "dwarf-with-dsym";
				ENABLE_NS_ASSERTIONS = NO;
				ENABLE_STRICT_OBJC_MSGSEND = YES;
				GCC_C_LANGUAGE_STANDARD = gnu11;
				GCC_NO_COMMON_BLOCKS = YES;
				GCC_WARN_64_TO_32_BIT_CONVERSION = YES;
				GCC_WARN_ABOUT_RETURN_TYPE = YES_ERROR;
				GCC_WARN_UNDECLARED_SELECTOR = YES;
				GCC_WARN_UNINITIALIZED_AUTOS = YES_AGGRESSIVE;
				GCC_WARN_UNUSED_FUNCTION = YES;
				GCC_WARN_UNUSED_VARIABLE = YES;
				IPHONEOS_DEPLOYMENT_TARGET = 11.4;
				MTL_ENABLE_DEBUG_INFO = NO;
				SDKROOT = iphoneos;
				SWIFT_COMPILATION_MODE = wholemodule;
				SWIFT_OPTIMIZATION_LEVEL = "-O";
				VALIDATE_PRODUCT = YES;
			};
			name = Release;
		};
		715213C9214C8D0D0007A51E /* Debug */ = {
			isa = XCBuildConfiguration;
			buildSettings = {
				ASSETCATALOG_COMPILER_APPICON_NAME = AppIcon;
				CODE_SIGN_STYLE = Automatic;
				DEVELOPMENT_TEAM = PFBFJV3F25;
				INFOPLIST_FILE = "$(SRCROOT)/UnitTestsBasicMVP/Application/Info.plist";
				LD_RUNPATH_SEARCH_PATHS = (
					"$(inherited)",
					"@executable_path/Frameworks",
				);
				PRODUCT_BUNDLE_IDENTIFIER = victorpanitz.iOSDeveloper.TestingBasicMVP.UnitTestsBasicMVP;
				PRODUCT_NAME = "$(TARGET_NAME)";
				SWIFT_VERSION = 4.0;
				TARGETED_DEVICE_FAMILY = "1,2";
			};
			name = Debug;
		};
		715213CA214C8D0D0007A51E /* Release */ = {
			isa = XCBuildConfiguration;
			buildSettings = {
				ASSETCATALOG_COMPILER_APPICON_NAME = AppIcon;
				CODE_SIGN_STYLE = Automatic;
				DEVELOPMENT_TEAM = PFBFJV3F25;
				INFOPLIST_FILE = "$(SRCROOT)/UnitTestsBasicMVP/Application/Info.plist";
				LD_RUNPATH_SEARCH_PATHS = (
					"$(inherited)",
					"@executable_path/Frameworks",
				);
				PRODUCT_BUNDLE_IDENTIFIER = victorpanitz.iOSDeveloper.TestingBasicMVP.UnitTestsBasicMVP;
				PRODUCT_NAME = "$(TARGET_NAME)";
				SWIFT_VERSION = 4.0;
				TARGETED_DEVICE_FAMILY = "1,2";
			};
			name = Release;
		};
		715213CC214C8D0D0007A51E /* Debug */ = {
			isa = XCBuildConfiguration;
			buildSettings = {
				ALWAYS_EMBED_SWIFT_STANDARD_LIBRARIES = YES;
				BUNDLE_LOADER = "$(TEST_HOST)";
				CODE_SIGN_STYLE = Automatic;
				DEVELOPMENT_TEAM = PFBFJV3F25;
				INFOPLIST_FILE = UnitTestsBasicMVPTests/Info.plist;
				LD_RUNPATH_SEARCH_PATHS = (
					"$(inherited)",
					"@executable_path/Frameworks",
					"@loader_path/Frameworks",
				);
				PRODUCT_BUNDLE_IDENTIFIER = victorpanitz.iOSDeveloper.TestingBasicMVP.UnitTestsBasicMVPTests;
				PRODUCT_NAME = "$(TARGET_NAME)";
				SWIFT_VERSION = 4.0;
				TARGETED_DEVICE_FAMILY = "1,2";
				TEST_HOST = "$(BUILT_PRODUCTS_DIR)/UnitTestsBasicMVP.app/UnitTestsBasicMVP";
			};
			name = Debug;
		};
		715213CD214C8D0D0007A51E /* Release */ = {
			isa = XCBuildConfiguration;
			buildSettings = {
				ALWAYS_EMBED_SWIFT_STANDARD_LIBRARIES = YES;
				BUNDLE_LOADER = "$(TEST_HOST)";
				CODE_SIGN_STYLE = Automatic;
				DEVELOPMENT_TEAM = PFBFJV3F25;
				INFOPLIST_FILE = UnitTestsBasicMVPTests/Info.plist;
				LD_RUNPATH_SEARCH_PATHS = (
					"$(inherited)",
					"@executable_path/Frameworks",
					"@loader_path/Frameworks",
				);
				PRODUCT_BUNDLE_IDENTIFIER = victorpanitz.iOSDeveloper.TestingBasicMVP.UnitTestsBasicMVPTests;
				PRODUCT_NAME = "$(TARGET_NAME)";
				SWIFT_VERSION = 4.0;
				TARGETED_DEVICE_FAMILY = "1,2";
				TEST_HOST = "$(BUILT_PRODUCTS_DIR)/UnitTestsBasicMVP.app/UnitTestsBasicMVP";
			};
			name = Release;
		};
/* End XCBuildConfiguration section */

/* Begin XCConfigurationList section */
		715213A6214C8D0B0007A51E /* Build configuration list for PBXProject "UnitTestsBasicMVP" */ = {
			isa = XCConfigurationList;
			buildConfigurations = (
				715213C6214C8D0D0007A51E /* Debug */,
				715213C7214C8D0D0007A51E /* Release */,
			);
			defaultConfigurationIsVisible = 0;
			defaultConfigurationName = Release;
		};
		715213C8214C8D0D0007A51E /* Build configuration list for PBXNativeTarget "UnitTestsBasicMVP" */ = {
			isa = XCConfigurationList;
			buildConfigurations = (
				715213C9214C8D0D0007A51E /* Debug */,
				715213CA214C8D0D0007A51E /* Release */,
			);
			defaultConfigurationIsVisible = 0;
			defaultConfigurationName = Release;
		};
		715213CB214C8D0D0007A51E /* Build configuration list for PBXNativeTarget "UnitTestsBasicMVPTests" */ = {
			isa = XCConfigurationList;
			buildConfigurations = (
				715213CC214C8D0D0007A51E /* Debug */,
				715213CD214C8D0D0007A51E /* Release */,
			);
			defaultConfigurationIsVisible = 0;
			defaultConfigurationName = Release;
		};
/* End XCConfigurationList section */
	};
	rootObject = 715213A3214C8D0B0007A51E /* Project object */;
}
